Microsoft Visual Studio Solution File, Format Version 12.00
# Visual Studio 14
VisualStudioVersion = 14.0.24720.0
MinimumVisualStudioVersion = 10.0.40219.1
Project("{FAE04EC0-301F-11D3-BF4B-00C04F79EFBC}") = "IdleLineage", "IdleLineage.csproj", "{18AD755D-8B4E-1395-F9DA-9434F5283E3D}"
EndProject
Global
	GlobalSection(SolutionConfigurationPlatforms) = preSolution
		Debug|x64 = Debug|x64
		Release|x64 = Release|x64
	EndGlobalSection
	GlobalSection(ProjectConfigurationPlatforms) = postSolution
		{18AD755D-8B4E-1395-F9DA-9434F5283E3D}.Debug|x64.ActiveCfg = Debug|x64
		{18AD755D-8B4E-1395-F9DA-9434F5283E3D}.Debug|x64.Build.0 = Debug|x64
		{18AD755D-8B4E-1395-F9DA-9434F5283E3D}.Release|x64.ActiveCfg = Release|x64
		{18AD755D-8B4E-1395-F9DA-9434F5283E3D}.Release|x64.Build.0 = Release|x64
	EndGlobalSection
	GlobalSection(SolutionProperties) = preSolution
		HideSolutionNode = FALSE
	EndGlobalSection
EndGlobal
